
Microsoft Visual Studio Solution File, Format Version 12.00
# Visual Studio Version 16
VisualStudioVersion = 16.0.30225.117
MinimumVisualStudioVersion = 10.0.40219.1
Project("{9A19103F-16F7-4668-BE54-9A1E7A4F7556}") = "template.host", "template.host.csproj", "{99EC7511-62D6-4361-B23A-356F779B3A96}"
EndProject
Global
	GlobalSection(SolutionConfigurationPlatforms) = preSolution
		Debug|Any CPU = Debug|Any CPU
		Release|Any CPU = Release|Any CPU
	EndGlobalSection
	GlobalSection(ProjectConfigurationPlatforms) = postSolution
		{99EC7511-62D6-4361-B23A-356F779B3A96}.Debug|Any CPU.ActiveCfg = Debug|Any CPU
		{99EC7511-62D6-4361-B23A-356F779B3A96}.Debug|Any CPU.Build.0 = Debug|Any CPU
		{99EC7511-62D6-4361-B23A-356F779B3A96}.Release|Any CPU.ActiveCfg = Release|Any CPU
		{99EC7511-62D6-4361-B23A-356F779B3A96}.Release|Any CPU.Build.0 = Release|Any CPU
	EndGlobalSection
	GlobalSection(SolutionProperties) = preSolution
		HideSolutionNode = FALSE
	EndGlobalSection
	GlobalSection(ExtensibilityGlobals) = postSolution
		SolutionGuid = {7C24B256-AF09-4733-B7D4-3E5D266F53C6}
	EndGlobalSection
EndGlobal
