
Microsoft Visual Studio Solution File, Format Version 12.00
# Visual Studio Version 16
VisualStudioVersion = 16.0.30225.117
MinimumVisualStudioVersion = 10.0.40219.1
Project("{9A19103F-16F7-4668-BE54-9A1E7A4F7556}") = "xrpc.connector", "xrpc.connector.csproj", "{4FB77FC6-0444-4CC7-BFC9-26B9097E0F83}"
EndProject
Project("{9A19103F-16F7-4668-BE54-9A1E7A4F7556}") = "gen.utils", "..\..\shared\gen.utils\gen.utils.csproj", "{4EA5CD18-97E6-42DD-8809-490AD98CA8D7}"
EndProject
Project("{9A19103F-16F7-4668-BE54-9A1E7A4F7556}") = "mssql.collector.types", "..\..\shared\mssql.collector.types\mssql.collector.types.csproj", "{22C9B1DF-16E0-48BC-8D62-F5CEC131E57E}"
EndProject
Project("{9A19103F-16F7-4668-BE54-9A1E7A4F7556}") = "mssql.utils", "..\..\shared\mssql.utils\mssql.utils.csproj", "{5D15813B-9B08-4510-87F7-6B5995E4E345}"
EndProject
Project("{9A19103F-16F7-4668-BE54-9A1E7A4F7556}") = "standard.types", "..\..\shared\standard.types\standard.types.csproj", "{DA8F1586-60CF-4706-BBB0-FBBA4F3942EC}"
EndProject
Project("{9A19103F-16F7-4668-BE54-9A1E7A4F7556}") = "protobuf-net.Grpc", "..\..\..\thirdparty\protobuf-net.Grpc\src\protobuf-net.Grpc\protobuf-net.Grpc.csproj", "{AFA71AC1-23C2-408B-8DAC-322EE17DA26D}"
EndProject
Project("{9A19103F-16F7-4668-BE54-9A1E7A4F7556}") = "Grpc.Net.Client", "..\..\..\thirdparty\grpc-dotnet\src\Grpc.Net.Client\Grpc.Net.Client.csproj", "{C6767E37-5DF6-48D9-993A-F712E68AE667}"
EndProject
Project("{9A19103F-16F7-4668-BE54-9A1E7A4F7556}") = "Grpc.Net.Common", "..\..\..\thirdparty\grpc-dotnet\src\Grpc.Net.Common\Grpc.Net.Common.csproj", "{5DD03A36-87F5-469A-B47D-EDD3555C103B}"
EndProject
Global
	GlobalSection(SolutionConfigurationPlatforms) = preSolution
		Debug|Any CPU = Debug|Any CPU
		Release|Any CPU = Release|Any CPU
	EndGlobalSection
	GlobalSection(ProjectConfigurationPlatforms) = postSolution
		{4FB77FC6-0444-4CC7-BFC9-26B9097E0F83}.Debug|Any CPU.ActiveCfg = Debug|Any CPU
		{4FB77FC6-0444-4CC7-BFC9-26B9097E0F83}.Debug|Any CPU.Build.0 = Debug|Any CPU
		{4FB77FC6-0444-4CC7-BFC9-26B9097E0F83}.Release|Any CPU.ActiveCfg = Release|Any CPU
		{4FB77FC6-0444-4CC7-BFC9-26B9097E0F83}.Release|Any CPU.Build.0 = Release|Any CPU
		{4EA5CD18-97E6-42DD-8809-490AD98CA8D7}.Debug|Any CPU.ActiveCfg = Debug|Any CPU
		{4EA5CD18-97E6-42DD-8809-490AD98CA8D7}.Debug|Any CPU.Build.0 = Debug|Any CPU
		{4EA5CD18-97E6-42DD-8809-490AD98CA8D7}.Release|Any CPU.ActiveCfg = Release|Any CPU
		{4EA5CD18-97E6-42DD-8809-490AD98CA8D7}.Release|Any CPU.Build.0 = Release|Any CPU
		{22C9B1DF-16E0-48BC-8D62-F5CEC131E57E}.Debug|Any CPU.ActiveCfg = Debug|Any CPU
		{22C9B1DF-16E0-48BC-8D62-F5CEC131E57E}.Debug|Any CPU.Build.0 = Debug|Any CPU
		{22C9B1DF-16E0-48BC-8D62-F5CEC131E57E}.Release|Any CPU.ActiveCfg = Release|Any CPU
		{22C9B1DF-16E0-48BC-8D62-F5CEC131E57E}.Release|Any CPU.Build.0 = Release|Any CPU
		{5D15813B-9B08-4510-87F7-6B5995E4E345}.Debug|Any CPU.ActiveCfg = Debug|Any CPU
		{5D15813B-9B08-4510-87F7-6B5995E4E345}.Debug|Any CPU.Build.0 = Debug|Any CPU
		{5D15813B-9B08-4510-87F7-6B5995E4E345}.Release|Any CPU.ActiveCfg = Release|Any CPU
		{5D15813B-9B08-4510-87F7-6B5995E4E345}.Release|Any CPU.Build.0 = Release|Any CPU
		{DA8F1586-60CF-4706-BBB0-FBBA4F3942EC}.Debug|Any CPU.ActiveCfg = Debug|Any CPU
		{DA8F1586-60CF-4706-BBB0-FBBA4F3942EC}.Debug|Any CPU.Build.0 = Debug|Any CPU
		{DA8F1586-60CF-4706-BBB0-FBBA4F3942EC}.Release|Any CPU.ActiveCfg = Release|Any CPU
		{DA8F1586-60CF-4706-BBB0-FBBA4F3942EC}.Release|Any CPU.Build.0 = Release|Any CPU
		{AFA71AC1-23C2-408B-8DAC-322EE17DA26D}.Debug|Any CPU.ActiveCfg = Debug|Any CPU
		{AFA71AC1-23C2-408B-8DAC-322EE17DA26D}.Debug|Any CPU.Build.0 = Debug|Any CPU
		{AFA71AC1-23C2-408B-8DAC-322EE17DA26D}.Release|Any CPU.ActiveCfg = Release|Any CPU
		{AFA71AC1-23C2-408B-8DAC-322EE17DA26D}.Release|Any CPU.Build.0 = Release|Any CPU
		{C6767E37-5DF6-48D9-993A-F712E68AE667}.Debug|Any CPU.ActiveCfg = Debug|Any CPU
		{C6767E37-5DF6-48D9-993A-F712E68AE667}.Debug|Any CPU.Build.0 = Debug|Any CPU
		{C6767E37-5DF6-48D9-993A-F712E68AE667}.Release|Any CPU.ActiveCfg = Release|Any CPU
		{C6767E37-5DF6-48D9-993A-F712E68AE667}.Release|Any CPU.Build.0 = Release|Any CPU
		{5DD03A36-87F5-469A-B47D-EDD3555C103B}.Debug|Any CPU.ActiveCfg = Debug|Any CPU
		{5DD03A36-87F5-469A-B47D-EDD3555C103B}.Debug|Any CPU.Build.0 = Debug|Any CPU
		{5DD03A36-87F5-469A-B47D-EDD3555C103B}.Release|Any CPU.ActiveCfg = Release|Any CPU
		{5DD03A36-87F5-469A-B47D-EDD3555C103B}.Release|Any CPU.Build.0 = Release|Any CPU
	EndGlobalSection
	GlobalSection(SolutionProperties) = preSolution
		HideSolutionNode = FALSE
	EndGlobalSection
	GlobalSection(ExtensibilityGlobals) = postSolution
		SolutionGuid = {1C8729F3-EA0D-42FB-8751-152E178FC3A3}
	EndGlobalSection
EndGlobal
